
Microsoft Visual Studio Solution File, Format Version 12.00
# Visual Studio Version 16
VisualStudioVersion = 16.0.30503.244
MinimumVisualStudioVersion = 10.0.40219.1
Project("{9A19103F-16F7-4668-BE54-9A1E7A4F7556}") = "BillsAccounting.Web", "BillsAccounting.Web\BillsAccounting.Web.csproj", "{9FB22822-0900-45A4-9B0C-426F4CCB009D}"
EndProject
Project("{9A19103F-16F7-4668-BE54-9A1E7A4F7556}") = "BillsAccounting.DataAccess", "BillsAccounting.DataAccess\BillsAccounting.DataAccess.csproj", "{C5226A72-CEFF-422F-9FFB-72FC72F90E03}"
EndProject
Project("{9A19103F-16F7-4668-BE54-9A1E7A4F7556}") = "BillsAccounting.Models", "BillsAccounting.Models\BillsAccounting.Models.csproj", "{698424F9-4680-470C-9A82-F4A6E0C8A1FC}"
EndProject
Global
	GlobalSection(SolutionConfigurationPlatforms) = preSolution
		Debug|Any CPU = Debug|Any CPU
		Release|Any CPU = Release|Any CPU
	EndGlobalSection
	GlobalSection(ProjectConfigurationPlatforms) = postSolution
		{9FB22822-0900-45A4-9B0C-426F4CCB009D}.Debug|Any CPU.ActiveCfg = Debug|Any CPU
		{9FB22822-0900-45A4-9B0C-426F4CCB009D}.Debug|Any CPU.Build.0 = Debug|Any CPU
		{9FB22822-0900-45A4-9B0C-426F4CCB009D}.Release|Any CPU.ActiveCfg = Release|Any CPU
		{9FB22822-0900-45A4-9B0C-426F4CCB009D}.Release|Any CPU.Build.0 = Release|Any CPU
		{C5226A72-CEFF-422F-9FFB-72FC72F90E03}.Debug|Any CPU.ActiveCfg = Debug|Any CPU
		{C5226A72-CEFF-422F-9FFB-72FC72F90E03}.Debug|Any CPU.Build.0 = Debug|Any CPU
		{C5226A72-CEFF-422F-9FFB-72FC72F90E03}.Release|Any CPU.ActiveCfg = Release|Any CPU
		{C5226A72-CEFF-422F-9FFB-72FC72F90E03}.Release|Any CPU.Build.0 = Release|Any CPU
		{698424F9-4680-470C-9A82-F4A6E0C8A1FC}.Debug|Any CPU.ActiveCfg = Debug|Any CPU
		{698424F9-4680-470C-9A82-F4A6E0C8A1FC}.Debug|Any CPU.Build.0 = Debug|Any CPU
		{698424F9-4680-470C-9A82-F4A6E0C8A1FC}.Release|Any CPU.ActiveCfg = Release|Any CPU
		{698424F9-4680-470C-9A82-F4A6E0C8A1FC}.Release|Any CPU.Build.0 = Release|Any CPU
	EndGlobalSection
	GlobalSection(SolutionProperties) = preSolution
		HideSolutionNode = FALSE
	EndGlobalSection
	GlobalSection(ExtensibilityGlobals) = postSolution
		SolutionGuid = {8C90ED72-E041-4BCC-9B77-1AFD1200D558}
	EndGlobalSection
EndGlobal
